
Microsoft Visual Studio Solution File, Format Version 12.00
# Visual Studio Version 17
VisualStudioVersion = 17.8.34525.116
MinimumVisualStudioVersion = 10.0.40219.1
Project("{FAE04EC0-301F-11D3-BF4B-00C04F79EFBC}") = "ExDB", "ExDB\ExDB.csproj", "{98E06A38-24AE-4AEC-BAAD-C4CF5DF84DBA}"
EndProject
Global
	GlobalSection(SolutionConfigurationPlatforms) = preSolution
		Debug|Any CPU = Debug|Any CPU
		Release|Any CPU = Release|Any CPU
	EndGlobalSection
	GlobalSection(ProjectConfigurationPlatforms) = postSolution
		{98E06A38-24AE-4AEC-BAAD-C4CF5DF84DBA}.Debug|Any CPU.ActiveCfg = Debug|Any CPU
		{98E06A38-24AE-4AEC-BAAD-C4CF5DF84DBA}.Debug|Any CPU.Build.0 = Debug|Any CPU
		{98E06A38-24AE-4AEC-BAAD-C4CF5DF84DBA}.Release|Any CPU.ActiveCfg = Release|Any CPU
		{98E06A38-24AE-4AEC-BAAD-C4CF5DF84DBA}.Release|Any CPU.Build.0 = Release|Any CPU
	EndGlobalSection
	GlobalSection(SolutionProperties) = preSolution
		HideSolutionNode = FALSE
	EndGlobalSection
	GlobalSection(ExtensibilityGlobals) = postSolution
		SolutionGuid = {13693212-5A83-44BC-B74E-4EBE03C16EDF}
	EndGlobalSection
EndGlobal
